# CPython 3.12, Linux x86_64: /opt/rsi-python of the compute image (decision 0019, step 5). Wheels from
# PyPI and https://pypi.nvidia.com (RAPIDS); docrep has no wheel and installs from its sdist.
adjustText==1.4.0 --hash=sha256:6febd6484c0d45c39a22f44b2c1f4a8cd01ef58fada565cab4b629c771df79b5
anndata==0.13.3.post0 --hash=sha256:9e5eab0abadff2e97e9ea913d7f234c50bb6bea14e27acf7a5ecf14373e7e18b
annotated-types==0.7.0 --hash=sha256:1f02e8b43a8fbbc3f3e0d4f0f4bfc8131bcb4eebe8849b8e5c773f3a1c582a53
array-api-compat==1.15.0 --hash=sha256:7b1b9c53269061403fd5f45a8de349f16e7887653328bfa0c5f2d45299ff0a8e
attrs==25.4.0 --hash=sha256:adcf7e2a1fb3b36ac48d97835bb6d8ade15b8dcce26aba8bf1d14847b57a3373
cachetools==7.1.8 --hash=sha256:a81e3844acaa7355b6567f97bd67a94a14ec3a9bc2cbbdae45b9592cc036775b
certifi==2025.10.5 --hash=sha256:0f212c2744a9bb6de0c56639a6f68afe01ecd92d91f14ae897c4fe7bbeeef0de
click==8.3.0 --hash=sha256:9b9f285302c6e3064f4330c05f05b81945b2a39544279343e6e7c5f27a9baddc
cloudpickle==3.1.2 --hash=sha256:9acb47f6afd73f60dc1df93bb801b472f05ff42fa6c84167d25cb206be1fbf4a
contourpy==1.3.3 --hash=sha256:4d00e655fcef08aba35ec9610536bfe90267d7ab5ba944f7032549c55a146da1
cuda-bindings==12.9.7 --hash=sha256:4c7ef48c5e13ae90f3b2ecfb72f8e99ac43c8f4c43e67e1325b8aae331453687
cuda-core==0.3.2 --hash=sha256:1338ab324d29b3afcde623c4a12571cd6e74e76fa0d5533db1e36df978899e4e
cuda-pathfinder==1.8.1 --hash=sha256:ae0137ff9e56ea97499bcbf54f5f2778ec25f3266715ac86da192a795af982a8
cuda-python==12.9.7 --hash=sha256:23a1fc406d491eef7a7e985095725cb7b20a04a7bd9b7a66400e5c86e082e0aa
cuda-toolkit==12.4.1 --hash=sha256:5d60f1b4fedec4e798b08f4768a41ceb010cb842d5330499c6efe794570463c4
cudf-cu12==25.12.0 --hash=sha256:ad22d3ce8da37f366926b6af43bbb62bf0ab1c69e81f76368cd295222ecacb04
cuml-cu12==25.12.0 --hash=sha256:78ad9030481ad0489ff0d3dd214f8a116110a67a4b85d9c8e9f70df724706970
cupy-cuda12x==13.6.0 --hash=sha256:79b0cacb5e8b190ef409f9e03f06ac8de1b021b0c0dda47674d446f5557e0eb1
cuvs-cu12==25.12.0 --hash=sha256:9f7de2f3bf94f3ea8e2f702dbd54298b0c86da31ffaa85fb10211b1a85f00030
cycler==0.12.1 --hash=sha256:85cef7cff222d8644161529808465972e51340599459b8ac3ccbac5a854e0d30
dask==2025.9.1 --hash=sha256:2a8a7dc933caaea2f47745a65a6ec93d9e616e12aab53b4f03ee161d31939110
docrep==0.3.2 --hash=sha256:ed8a17e201abd829ef8da78a0b6f4d51fb99a4cbd0554adbed3309297f964314
donfig==0.8.1.post1 --hash=sha256:2a3175ce74a06109ff9307d90a230f81215cbac9a751f4d1c6194644b8204f9d
fast-array-utils==1.5 --hash=sha256:08a349dc9cbcfaa59b98bf00e7aa36ef11ddef91128784a65d2eb63c4681b282
fastrlock==0.8.3 --hash=sha256:5f13ec08f1adb1aa916c384b05ecb7dbebb8df9ea81abd045f60941c6283a670
fonttools==4.60.1 --hash=sha256:8177ec9676ea6e1793c8a084a90b65a9f778771998eb919d05db6d4b1c0b114c
formulaic==1.2.2 --hash=sha256:0f84ff49e3fc9dc0e68ab08a0a9427874021aa6c558e66b44dc634a35739b09b
fsspec==2026.7.0 --hash=sha256:b57ddbafedfaef7018c1ecab32aa200a9d7ca26b77965f64e48b70061249d279
google-crc32c==1.8.0 --hash=sha256:14f87e04d613dfa218d6135e81b78272c3b904e2a7053b841481b38a7d901411
h5py==3.13.0 --hash=sha256:d6f13f9b5ce549448c01e4dfe08ea8d1772e6078799af2c1c8d09e941230a90d
harmonypy==2.0.0 --hash=sha256:faae5ea957f8ced3b4b2224b2be82134f545ee7db3caae8ce1e787f21e0dbd6f
igraph==0.11.9 --hash=sha256:773201c9eafef668be11d8966cf2d7114d34757cd9cfdbd8c190fefcd341220b
ImageIO==2.37.4 --hash=sha256:1ab2e22c8debf700f24c3ac43e8f95f3b3a8110c83b93411e97b4b0b2cd1c7e6
interface_meta==2.0.1 --hash=sha256:f38016bef9a4429b6d0792d809be7b65e9781820c674bf7f463999086b6e6323
joblib==1.6.0 --hash=sha256:3dbbf9f6e4b592a2357b854608e980fe6390d131d7a82f011a377ef2ebef7aba
jsonschema==4.25.1 --hash=sha256:3fba0169e345c7175110351d456342c364814cfcf3b964ba4587f22915230a63
jsonschema-specifications==2025.9.1 --hash=sha256:98802fee3a11ee76ecaca44429fda8a41bff98b00a0f2838151b113f210cc6fe
kiwisolver==1.4.9 --hash=sha256:f6008a4919fdbc0b0097089f67a1eb55d950ed7e90ce2cc3e640abadd2757a04
lazy-loader==0.5 --hash=sha256:ab0ea149e9c554d4ffeeb21105ac60bed7f3b4fd69b1d2360a4add51b170b005
legacy-api-wrap==1.5 --hash=sha256:5a8ea50e3e3bcbcdec3447b77034fd0d32cb2cf4089db799238708e4d7e0098d
leidenalg==0.10.2 --hash=sha256:c3385462025acd6190ca5cb9df5b1dcf20995a048189a16a293dba2881f47cc0
libcudf-cu12==25.12.0 --hash=sha256:5cf9f7f13c37a2dc2c1fa57c1aa50e5ceda6813cb47803719b16dddb5fb3e622
libcuml-cu12==25.12.0 --hash=sha256:41f356963ac6cbff88d92cf9ede2de33323b788ad9c97937b8d9394f49309817
libcuvs-cu12==25.12.0 --hash=sha256:30f54b221525128c1af8f750063e23e3b546e28f321a7e13aff9592c05d6a58d
libkvikio-cu12==25.12.0 --hash=sha256:06555daf9fec5f5ef7051524e107a50a8c3b527cdff9bb2e02debc1451238b05
libraft-cu12==25.12.0 --hash=sha256:157b2010bbc054a7fa43fc5571ad7d2444ca7be6bdef55e5d51f1992fa8dc9aa
librmm-cu12==25.12.0 --hash=sha256:efb769b3c4c81840831edf2e152a281e92e7958da33fcf4b9689023c184f7e74
llvmlite==0.44.0 --hash=sha256:c0143a5ef336da14deaa8ec26c5449ad5b6a2b564df82fcef4be040b9cacfea9
locket==1.0.0 --hash=sha256:b6c819a722f7b6bd955b80781788e4a66a55628b858d347536b7e81325a3a5e3
markdown-it-py==4.2.0 --hash=sha256:9f7ebbcd14fe59494226453aed97c1070d83f8d24b6fc3a3bcf9a38092641c4a
matplotlib==3.10.7 --hash=sha256:d5f256d49fea31f40f166a5e3131235a5d2f4b7f44520b1cf0baf1ce568ccff0
mdurl==0.1.2 --hash=sha256:84008a41e51615a49fc9966191ff91509e3c40b939176e643fd50a5c2196b8f8
narwhals==2.25.0 --hash=sha256:1f0f403e8c7e4463cde9bfe78b12fdd809e3ae3dda6d9b2f802934fb9c7a6a8f
natsort==8.4.0 --hash=sha256:4732914fb471f56b5cce04d7bae6f164a592c7712e1c85f9ef585e197299521c
networkx==3.6.1 --hash=sha256:d47fbf302e7d9cbbb9e2555a0d267983d2aa476bac30e90dfbe5669bd57f3762
numba==0.61.2 --hash=sha256:5b1bb509d01f23d70325d3a5a0e237cbc9544dd50e50588bc581ba860c213546
numba-cuda==0.19.2 --hash=sha256:15284c0d6a3fdd842fc5671db8bbb9c34ab3c122f5a3a06b01b104e23f100e5c
numcodecs==0.16.5 --hash=sha256:ad1a379a45bd3491deab8ae6548313946744f868c21d5340116977ea3be5b1d6
numpy==2.2.6 --hash=sha256:fd83c01228a688733f1ded5201c678f0c53ecc1006ffbc404db9f7a899ac6249
nvidia-cublas-cu12==12.4.5.8 --hash=sha256:2fc8da60df463fdefa81e323eef2e36489e1c94335b5358bcb38360adf75ac9b
nvidia-cuda-cccl-cu12==12.9.27 --hash=sha256:37869e17ce2e1ecec6eddf1927cca0f8c34e64fd848d40453df559091e2d7117
nvidia-cuda-nvcc-cu12==12.4.131 --hash=sha256:e4c9a35435c3b0e36c6397c5696334c9ea6650e524736cbd1c5d345ea099bb04
nvidia-cuda-nvrtc-cu12==12.4.127 --hash=sha256:a178759ebb095827bd30ef56598ec182b85547f1508941a3d560eb7ea1fbf338
nvidia-cuda-runtime-cu12==12.4.127 --hash=sha256:64403288fa2136ee8e467cdc9c9427e0434110899d07c779f25b5c068934faa5
nvidia-cufft-cu12==11.2.1.3 --hash=sha256:f083fc24912aa410be21fa16d157fed2055dab1cc4b6934a0e03cba69eb242b9
nvidia-curand-cu12==10.3.5.147 --hash=sha256:a88f583d4e0bb643c49743469964103aa59f7f708d862c3ddb0fc07f851e3b8b
nvidia-cusolver-cu12==11.6.1.9 --hash=sha256:19e33fa442bcfd085b3086c4ebf7e8debc07cfe01e11513cc6d332fd918ac260
nvidia-cusparse-cu12==12.3.1.170 --hash=sha256:ea4f11a2904e2a8dc4b1833cc1b5181cde564edd0d5cd33e3c168eff2d1863f1
nvidia-nccl-cu12==2.31.2 --hash=sha256:f9b1dc3c2a7e20176054144ebb3b32fea83b40402ee5d7ac7045cd11ecc956c0
nvidia-nvjitlink-cu12==12.9.86 --hash=sha256:e3f1171dbdc83c5932a45f0f4c99180a70de9bd2718c1ab77d14104f6d7147f9
nvtx==0.2.16 --hash=sha256:b6230be4ee35edcfe00411c6f71d48de5d50147146c4efc06b710d2516086031
packaging==25.0 --hash=sha256:29572ef2b1f17581046b3a2227d5c611fb25ec70ca1ba8554b24b0e69331a484
pandas==2.3.3 --hash=sha256:b3d11d2fda7eb164ef27ffc14b4fcab16a80e1ce67e9f57e19ec0afaf715ba89
partd==1.4.2 --hash=sha256:978e4ac767ec4ba5b86c6eaa52e5a2a3bc748a2ca839e8cc798f1cc6ce6efb0f
patsy==1.0.3 --hash=sha256:d3dbebe8fd5f46e29912d030b63c6268647b59bf788a99e2af28a30234cf357c
pillow==12.0.0 --hash=sha256:b87843e225e74576437fd5b6a4c2205d422754f84a06942cfaf1dc32243e45a8
pyarrow==25.0.1 --hash=sha256:5389cdf79447ed1515c9e31620e6e1e2302249564d603f2ad727d4f6d313e4c3
pydantic==2.12.4 --hash=sha256:92d3d202a745d46f9be6df459ac5a064fdaa3c1c4cd8adcfa332ccf3c05f871e
pydantic_core==2.41.5 --hash=sha256:eceb81a8d74f9267ef4081e246ffd6d129da5d87e37a77c9bde550cb04870c1c
pydantic-settings==2.15.0 --hash=sha256:0ba092c291c94baceb5eff768aa0d56400a457585bc0175925a5a5510303da42
Pygments==2.21.0 --hash=sha256:2363c69b61c4a97c838da3b130dcd6468f4848992b21a82f2a63ec34377137d9
pylibcudf-cu12==25.12.0 --hash=sha256:fe2a12f16a3d9f21cdee878ea2d2f02300079ab5fe3dd29e877d0ff5d64ca244
pylibraft-cu12==25.12.0 --hash=sha256:13a6e9663793d5920b86be797ed78d686baa7362886d4be0030bdf9cb333b7f0
pynndescent==0.6.0 --hash=sha256:dc8c74844e4c7f5cbd1e0cd6909da86fdc789e6ff4997336e344779c3d5538ef
pyparsing==3.2.5 --hash=sha256:e38a4f02064cf41fe6593d328d0512495ad1f3d8a91c4f73fc401b3079a59a5e
python-dateutil==2.9.0.post0 --hash=sha256:a8b2bc7bffae282281c8140a97d3aa9c14da0b136dfe83f850eea9a5f7470427
python-dotenv==1.2.3 --hash=sha256:904552145e8bfed22162c09dab1c2b9b54fefa7b23ba780f4f26ca0316b0f0d9
pytz==2025.2 --hash=sha256:5ddf76296dd8c44c26eb8f4b6f35488f3ccbf6fbbd7adee0b7262d43f0ec2f00
PyYAML==6.0.3 --hash=sha256:ba1cc08a7ccde2d2ec775841541641e4548226580ab850948cbfda66a1befcdc
rapids-logger==0.2.3 --hash=sha256:7fe67ef4049c5d8ba6154746325dcf7cc0f327f0efa8f2611fc8f64e67510f60
rapids-singlecell-cu12==0.17.0 --hash=sha256:a66f5b42f39e6e348f3ac3757f423c887588338343ad4463cd15b1b65424df3a
referencing==0.37.0 --hash=sha256:381329a9f99628c9069361716891d34ad94af76e461dcb0335825aecc7692231
rich==15.0.0 --hash=sha256:33bd4ef74232fb73fe9279a257718407f169c09b78a87ad3d296f548e27de0bb
rmm-cu12==25.12.0 --hash=sha256:3b44781ec3063ad1ecfffbcc928a04ae26e073f49d2f451b52335a66b34f0d3f
rpds-py==0.28.0 --hash=sha256:8455933b4bcd6e83fde3fefc987a023389c4b13f9a58c8d23e4b3f6d13f78c84
scanpy==1.12.4 --hash=sha256:a12a7ca9500e4b247fbb5fb9318fb204907125e411183bad3e9c62e5b988f37c
scikit-image==0.26.0 --hash=sha256:7df650e79031634ac90b11e64a9eedaf5a5e06fcd09bcd03a34be01745744466
scikit-learn==1.9.0 --hash=sha256:056c92bb67ad4c28463c2f2653d9701449201e7e7a9e94e321be0f71c4fef2b8
scikit-misc==0.5.2 --hash=sha256:cd5a6e06864b07e9fe18c2bac756163e87f26615e5ddaa5f6129fd62535b7cfb
scipy==1.16.3 --hash=sha256:72d1717fd3b5e6ec747327ce9bda32d5463f472c9dce9f54499e81fbd50245a1
scverse-misc==0.1.4 --hash=sha256:3bed8a66ce79c296d621c0227299ecc3101d6ab2819f18dca1f565efe8ae0e67
seaborn==0.13.2 --hash=sha256:636f8336facf092165e27924f223d3c62ca560b1f2bb5dff7ab7fad265361987
session-info2==0.4.2 --hash=sha256:dbf5f58769115651fad28e8ffc930b6a848a629a242ce2ecd730d12f5e3e9315
six==1.17.0 --hash=sha256:4721f391ed90541fddacab5acf947aa0d3dc7d27b2e1e8eda2be8970586c3274
stanhue==1.1.1 --hash=sha256:cb6367a4a2569eb9525e3ed34f73801392012a5cd5c51dde087904e96a3542bd
statsmodels==0.15.0 --hash=sha256:c6f2bd48915cc9b3b95c3c7f6ac363b6f8aaa38172962ba5f7f6885f0dfe57f2
texttable==1.7.0 --hash=sha256:72227d592c82b3d7f672731ae73e4d1f88cd8e2ef5b075a7a7f01a23a3743917
threadpoolctl==3.6.0 --hash=sha256:43a0b8fd5a2928500110039e43a5eed8480b918967083ea48dc3ab9f13c4a7fb
tifffile==2026.8.23 --hash=sha256:a03045afce67d97cb4ef56a1cd47eae6ab8115c7e84cfedeb5cadbfbb6d14fbe
toolz==1.0.0 --hash=sha256:292c8f1c4e7516bf9086f8850935c799a874039c8bcf959d47b600e4c44a6236
tqdm==4.70.0 --hash=sha256:7f585706bfddbdebf89daac705b2dfcc16890130727d3197ca62c732b4310953
treelite==4.7.2 --hash=sha256:b86f0613ab8164b401cf542550c12c0633f8fb0ac0373888f9a7a04a2d47f42a
typing_extensions==4.16.0 --hash=sha256:481caa481374e813c1b176ada14e97f1f67a4539ce9cfeb3f350d78d6370c2e8
typing-inspection==0.4.2 --hash=sha256:4ed1cacbdc298c220f1bd249ed5287caa16f34d44ef4e9c3d0cbad5b521545e7
tzdata==2025.2 --hash=sha256:1a403fada01ff9221ca8044d701868fa132215d84beb92242d9acd2147f667a8
umap-learn==0.5.12 --hash=sha256:f2a85d2a2adcb52b541bed9b27a23ca169b56bb1b23283abeebfb8dfb8a42fe5
wrapt==2.4.0 --hash=sha256:d7dbbdbfdacb85c2d962fa52db791c77943fd777d600d74c95af2d53b32f5a94
zarr==3.3.0 --hash=sha256:323bf5366d4f909052ef6e2e03e7481a7434c3ee75d3a981eb3a71fc1ae22cef
